// !$*UTF8*$!
{
	archiveVersion = 1;
	classes = {
	};
	objectVersion = 46;
	objects = {

/* Begin PBXBuildFile section */
		C7B8383B1C009CDB00874A94 /* AppDelegate.swift in Sources */ = {isa = PBXBuildFile; fileRef = C7B8383A1C009CDB00874A94 /* AppDelegate.swift */; };
		C7B8383D1C009CDB00874A94 /* ViewController.swift in Sources */ = {isa = PBXBuildFile; fileRef = C7B8383C1C009CDB00874A94 /* ViewController.swift */; };
		C7B838401C009CDB00874A94 /* Main.storyboard in Resources */ = {isa = PBXBuildFile; fileRef = C7B8383E1C009CDB00874A94 /* Main.storyboard */; };
		C7B838421C009CDB00874A94 /* Assets.xcassets in Resources */ = {isa = PBXBuildFile; fileRef = C7B838411C009CDB00874A94 /* Assets.xcassets */; };
		C7B838451C009CDB00874A94 /* LaunchScreen.storyboard in Resources */ = {isa = PBXBuildFile; fileRef = C7B838431C009CDB00874A94 /* LaunchScreen.storyboard */; };
		C7B838501C009CDB00874A94 /* iBeaconDemoTests.swift in Sources */ = {isa = PBXBuildFile; fileRef = C7B8384F1C009CDB00874A94 /* iBeaconDemoTests.swift */; };
		C7B8385B1C009CDB00874A94 /* iBeaconDemoUITests.swift in Sources */ = {isa = PBXBuildFile; fileRef = C7B8385A1C009CDB00874A94 /* iBeaconDemoUITests.swift */; };
		C7B838691C009D2800874A94 /* CoreLocation.framework in Frameworks */ = {isa = PBXBuildFile; fileRef = C7B838681C009D2800874A94 /* CoreLocation.framework */; };
/* End PBXBuildFile section */

/* Begin PBXContainerItemProxy section */
		C7B8384C1C009CDB00874A94 /* PBXContainerItemProxy */ = {
			isa = PBXContainerItemProxy;
			containerPortal = C7B8382F1C009CDB00874A94 /* Project object */;
			proxyType = 1;
			remoteGlobalIDString = C7B838361C009CDB00874A94;
			remoteInfo = iBeaconDemo;
		};
		C7B838571C009CDB00874A94 /* PBXContainerItemProxy */ = {
			isa = PBXContainerItemProxy;
			containerPortal = C7B8382F1C009CDB00874A94 /* Project object */;
			proxyType = 1;
			remoteGlobalIDString = C7B838361C009CDB00874A94;
			remoteInfo = iBeaconDemo;
		};
/* End PBXContainerItemProxy section */

/* Begin PBXFileReference section */
		C7B838371C009CDB00874A94 /* iBeaconDemo.app */ = {isa = PBXFileReference; explicitFileType = wrapper.application; includeInIndex = 0; path = iBeaconDemo.app; sourceTree = BUILT_PRODUCTS_DIR; };
		C7B8383A1C009CDB00874A94 /* AppDelegate.swift */ = {isa = PBXFileReference; lastKnownFileType = sourcecode.swift; path = AppDelegate.swift; sourceTree = "<group>"; };
		C7B8383C1C009CDB00874A94 /* ViewController.swift */ = {isa = PBXFileReference; lastKnownFileType = sourcecode.swift; path = ViewController.swift; sourceTree = "<group>"; };
		C7B8383F1C009CDB00874A94 /* Base */ = {isa = PBXFileReference; lastKnownFileType = file.storyboard; name = Base; path = Base.lproj/Main.storyboard; sourceTree = "<group>"; };
		C7B838411C009CDB00874A94 /* Assets.xcassets */ = {isa = PBXFileReference; lastKnownFileType = folder.assetcatalog; path = Assets.xcassets; sourceTree = "<group>"; };
		C7B838441C009CDB00874A94 /* Base */ = {isa = PBXFileReference; lastKnownFileType = file.storyboard; name = Base; path = Base.lproj/LaunchScreen.storyboard; sourceTree = "<group>"; };
		C7B838461C009CDB00874A94 /* Info.plist */ = {isa = PBXFileReference; lastKnownFileType = text.plist.xml; path = Info.plist; sourceTree = "<group>"; };
		C7B8384B1C009CDB00874A94 /* iBeaconDemoTests.xctest */ = {isa = PBXFileReference; explicitFileType = wrapper.cfbundle; includeInIndex = 0; path = iBeaconDemoTests.xctest; sourceTree = BUILT_PRODUCTS_DIR; };
		C7B8384F1C009CDB00874A94 /* iBeaconDemoTests.swift */ = {isa = PBXFileReference; lastKnownFileType = sourcecode.swift; path = iBeaconDemoTests.swift; sourceTree = "<group>"; };
		C7B838511C009CDB00874A94 /* Info.plist */ = {isa = PBXFileReference; lastKnownFileType = text.plist.xml; path = Info.plist; sourceTree = "<group>"; };
		C7B838561C009CDB00874A94 /* iBeaconDemoUITests.xctest */ = {isa = PBXFileReference; explicitFileType = wrapper.cfbundle; includeInIndex = 0; path = iBeaconDemoUITests.xctest; sourceTree = BUILT_PRODUCTS_DIR; };
		C7B8385A1C009CDB00874A94 /* iBeaconDemoUITests.swift */ = {isa = PBXFileReference; lastKnownFileType = sourcecode.swift; path = iBeaconDemoUITests.swift; sourceTree = "<group>"; };
		C7B8385C1C009CDB00874A94 /* Info.plist */ = {isa = PBXFileReference; lastKnownFileType = text.plist.xml; path = Info.plist; sourceTree = "<group>"; };
		C7B838681C009D2800874A94 /* CoreLocation.framework */ = {isa = PBXFileReference; lastKnownFileType = wrapper.framework; name = CoreLocation.framework; path = System/Library/Frameworks/CoreLocation.framework; sourceTree = SDKROOT; };
/* End PBXFileReference section */

/* Begin PBXFrameworksBuildPhase section */
		C7B838341C009CDB00874A94 /* Frameworks */ = {
			isa = PBXFrameworksBuildPhase;
			buildActionMask = 2147483647;
			files = (
				C7B838691C009D2800874A94 /* CoreLocation.framework in Frameworks */,
			);
			runOnlyForDeploymentPostprocessing = 0;
		};
		C7B838481C009CDB00874A94 /* Frameworks */ = {
			isa = PBXFrameworksBuildPhase;
			buildActionMask = 2147483647;
			files = (
			);
			runOnlyForDeploymentPostprocessing = 0;
		};
		C7B838531C009CDB00874A94 /* Frameworks */ = {
			isa = PBXFrameworksBuildPhase;
			buildActionMask = 2147483647;
			files = (
			);
			runOnlyForDeploymentPostprocessing = 0;
		};
/* End PBXFrameworksBuildPhase section */

/* Begin PBXGroup section */
		C7B8382E1C009CDB00874A94 = {
			isa = PBXGroup;
			children = (
				C7B838681C009D2800874A94 /* CoreLocation.framework */,
				C7B838391C009CDB00874A94 /* iBeaconDemo */,
				C7B8384E1C009CDB00874A94 /* iBeaconDemoTests */,
				C7B838591C009CDB00874A94 /* iBeaconDemoUITests */,
				C7B838381C009CDB00874A94 /* Products */,
			);
			sourceTree = "<group>";
		};
		C7B838381C009CDB00874A94 /* Products */ = {
			isa = PBXGroup;
			children = (
				C7B838371C009CDB00874A94 /* iBeaconDemo.app */,
				C7B8384B1C009CDB00874A94 /* iBeaconDemoTests.xctest */,
				C7B838561C009CDB00874A94 /* iBeaconDemoUITests.xctest */,
			);
			name = Products;
			sourceTree = "<group>";
		};
		C7B838391C009CDB00874A94 /* iBeaconDemo */ = {
			isa = PBXGroup;
			children = (
				C7B8383A1C009CDB00874A94 /* AppDelegate.swift */,
				C7B8383C1C009CDB00874A94 /* ViewController.swift */,
				C7B8383E1C009CDB00874A94 /* Main.storyboard */,
				C7B838411C009CDB00874A94 /* Assets.xcassets */,
				C7B838431C009CDB00874A94 /* LaunchScreen.storyboard */,
				C7B838461C009CDB00874A94 /* Info.plist */,
			);
			path = iBeaconDemo;
			sourceTree = "<group>";
		};
		C7B8384E1C009CDB00874A94 /* iBeaconDemoTests */ = {
			isa = PBXGroup;
			children = (
				C7B8384F1C009CDB00874A94 /* iBeaconDemoTests.swift */,
				C7B838511C009CDB00874A94 /* Info.plist */,
			);
			path = iBeaconDemoTests;
			sourceTree = "<group>";
		};
		C7B838591C009CDB00874A94 /* iBeaconDemoUITests */ = {
			isa = PBXGroup;
			children = (
				C7B8385A1C009CDB00874A94 /* iBeaconDemoUITests.swift */,
				C7B8385C1C009CDB00874A94 /* Info.plist */,
			);
			path = iBeaconDemoUITests;
			sourceTree = "<group>";
		};
/* End PBXGroup section */

/* Begin PBXNativeTarget section */
		C7B838361C009CDB00874A94 /* iBeaconDemo */ = {
			isa = PBXNativeTarget;
			buildConfigurationList = C7B8385F1C009CDB00874A94 /* Build configuration list for PBXNativeTarget "iBeaconDemo" */;
			buildPhases = (
				C7B838331C009CDB00874A94 /* Sources */,
				C7B838341C009CDB00874A94 /* Frameworks */,
				C7B838351C009CDB00874A94 /* Resources */,
			);
			buildRules = (
			);
			dependencies = (
			);
			name = iBeaconDemo;
			productName = iBeaconDemo;
			productReference = C7B838371C009CDB00874A94 /* iBeaconDemo.app */;
			productType = "com.apple.product-type.application";
		};
		C7B8384A1C009CDB00874A94 /* iBeaconDemoTests */ = {
			isa = PBXNativeTarget;
			buildConfigurationList = C7B838621C009CDB00874A94 /* Build configuration list for PBXNativeTarget "iBeaconDemoTests" */;
			buildPhases = (
				C7B838471C009CDB00874A94 /* Sources */,
				C7B838481C009CDB00874A94 /* Frameworks */,
				C7B838491C009CDB00874A94 /* Resources */,
			);
			buildRules = (
			);
			dependencies = (
				C7B8384D1C009CDB00874A94 /* PBXTargetDependency */,
			);
			name = iBeaconDemoTests;
			productName = iBeaconDemoTests;
			productReference = C7B8384B1C009CDB00874A94 /* iBeaconDemoTests.xctest */;
			productType = "com.apple.product-type.bundle.unit-test";
		};
		C7B838551C009CDB00874A94 /* iBeaconDemoUITests */ = {
			isa = PBXNativeTarget;
			buildConfigurationList = C7B838651C009CDB00874A94 /* Build configuration list for PBXNativeTarget "iBeaconDemoUITests" */;
			buildPhases = (
				C7B838521C009CDB00874A94 /* Sources */,
				C7B838531C009CDB00874A94 /* Frameworks */,
				C7B838541C009CDB00874A94 /* Resources */,
			);
			buildRules = (
			);
			dependencies = (
				C7B838581C009CDB00874A94 /* PBXTargetDependency */,
			);
			name = iBeaconDemoUITests;
			productName = iBeaconDemoUITests;
			productReference = C7B838561C009CDB00874A94 /* iBeaconDemoUITests.xctest */;
			productType = "com.apple.product-type.bundle.ui-testing";
		};
/* End PBXNativeTarget section */

/* Begin PBXProject section */
		C7B8382F1C009CDB00874A94 /* Project object */ = {
			isa = PBXProject;
			attributes = {
				LastSwiftUpdateCheck = 0710;
				LastUpgradeCheck = 0710;
				ORGANIZATIONNAME = go;
				TargetAttributes = {
					C7B838361C009CDB00874A94 = {
						CreatedOnToolsVersion = 7.1.1;
						DevelopmentTeam = YZQ5H72H89;
						SystemCapabilities = {
							com.apple.BackgroundModes = {
								enabled = 1;
							};
						};
					};
					C7B8384A1C009CDB00874A94 = {
						CreatedOnToolsVersion = 7.1.1;
						DevelopmentTeam = YZQ5H72H89;
						TestTargetID = C7B838361C009CDB00874A94;
					};
					C7B838551C009CDB00874A94 = {
						CreatedOnToolsVersion = 7.1.1;
						DevelopmentTeam = YZQ5H72H89;
						TestTargetID = C7B838361C009CDB00874A94;
					};
				};
			};
			buildConfigurationList = C7B838321C009CDB00874A94 /* Build configuration list for PBXProject "iBeaconDemo" */;
			compatibilityVersion = "Xcode 3.2";
			developmentRegion = English;
			hasScannedForEncodings = 0;
			knownRegions = (
				en,
				Base,
			);
			mainGroup = C7B8382E1C009CDB00874A94;
			productRefGroup = C7B838381C009CDB00874A94 /* Products */;
			projectDirPath = "";
			projectRoot = "";
			targets = (
				C7B838361C009CDB00874A94 /* iBeaconDemo */,
				C7B8384A1C009CDB00874A94 /* iBeaconDemoTests */,
				C7B838551C009CDB00874A94 /* iBeaconDemoUITests */,
			);
		};
/* End PBXProject section */

/* Begin PBXResourcesBuildPhase section */
		C7B838351C009CDB00874A94 /* Resources */ = {
			isa = PBXResourcesBuildPhase;
			buildActionMask = 2147483647;
			files = (
				C7B838451C009CDB00874A94 /* LaunchScreen.storyboard in Resources */,
				C7B838421C009CDB00874A94 /* Assets.xcassets in Resources */,
				C7B838401C009CDB00874A94 /* Main.storyboard in Resources */,
			);
			runOnlyForDeploymentPostprocessing = 0;
		};
		C7B838491C009CDB00874A94 /* Resources */ = {
			isa = PBXResourcesBuildPhase;
			buildActionMask = 2147483647;
			files = (
			);
			runOnlyForDeploymentPostprocessing = 0;
		};
		C7B838541C009CDB00874A94 /* Resources */ = {
			isa = PBXResourcesBuildPhase;
			buildActionMask = 2147483647;
			files = (
			);
			runOnlyForDeploymentPostprocessing = 0;
		};
/* End PBXResourcesBuildPhase section */

/* Begin PBXSourcesBuildPhase section */
		C7B838331C009CDB00874A94 /* Sources */ = {
			isa = PBXSourcesBuildPhase;
			buildActionMask = 2147483647;
			files = (
				C7B8383D1C009CDB00874A94 /* ViewController.swift in Sources */,
				C7B8383B1C009CDB00874A94 /* AppDelegate.swift in Sources */,
			);
			runOnlyForDeploymentPostprocessing = 0;
		};
		C7B838471C009CDB00874A94 /* Sources */ = {
			isa = PBXSourcesBuildPhase;
			buildActionMask = 2147483647;
			files = (
				C7B838501C009CDB00874A94 /* iBeaconDemoTests.swift in Sources */,
			);
			runOnlyForDeploymentPostprocessing = 0;
		};
		C7B838521C009CDB00874A94 /* Sources */ = {
			isa = PBXSourcesBuildPhase;
			buildActionMask = 2147483647;
			files = (
				C7B8385B1C009CDB00874A94 /* iBeaconDemoUITests.swift in Sources */,
			);
			runOnlyForDeploymentPostprocessing = 0;
		};
/* End PBXSourcesBuildPhase section */

/* Begin PBXTargetDependency section */
		C7B8384D1C009CDB00874A94 /* PBXTargetDependency */ = {
			isa = PBXTargetDependency;
			target = C7B838361C009CDB00874A94 /* iBeaconDemo */;
			targetProxy = C7B8384C1C009CDB00874A94 /* PBXContainerItemProxy */;
		};
		C7B838581C009CDB00874A94 /* PBXTargetDependency */ = {
			isa = PBXTargetDependency;
			target = C7B838361C009CDB00874A94 /* iBeaconDemo */;
			targetProxy = C7B838571C009CDB00874A94 /* PBXContainerItemProxy */;
		};
/* End PBXTargetDependency section */

/* Begin PBXVariantGroup section */
		C7B8383E1C009CDB00874A94 /* Main.storyboard */ = {
			isa = PBXVariantGroup;
			children = (
				C7B8383F1C009CDB00874A94 /* Base */,
			);
			name = Main.storyboard;
			sourceTree = "<group>";
		};
		C7B838431C009CDB00874A94 /* LaunchScreen.storyboard */ = {
			isa = PBXVariantGroup;
			children = (
				C7B838441C009CDB00874A94 /* Base */,
			);
			name = LaunchScreen.storyboard;
			sourceTree = "<group>";
		};
/* End PBXVariantGroup section */

/* Begin XCBuildConfiguration section */
		C7B8385D1C009CDB00874A94 /* Debug */ = {
			isa = XCBuildConfiguration;
			buildSettings = {
				ALWAYS_SEARCH_USER_PATHS = NO;
				CLANG_CXX_LANGUAGE_STANDARD = "gnu++0x";
				CLANG_CXX_LIBRARY = "libc++";
				CLANG_ENABLE_MODULES = YES;
				CLANG_ENABLE_OBJC_ARC = YES;
				CLANG_WARN_BOOL_CONVERSION = YES;
				CLANG_WARN_CONSTANT_CONVERSION = YES;
				CLANG_WARN_DIRECT_OBJC_ISA_USAGE = YES_ERROR;
				CLANG_WARN_EMPTY_BODY = YES;
				CLANG_WARN_ENUM_CONVERSION = YES;
				CLANG_WARN_INT_CONVERSION = YES;
				CLANG_WARN_OBJC_ROOT_CLASS = YES_ERROR;
				CLANG_WARN_UNREACHABLE_CODE = YES;
				CLANG_WARN__DUPLICATE_METHOD_MATCH = YES;
				"CODE_SIGN_IDENTITY[sdk=iphoneos*]" = "iPhone Developer";
				COPY_PHASE_STRIP = NO;
				DEBUG_INFORMATION_FORMAT = dwarf;
				ENABLE_STRICT_OBJC_MSGSEND = YES;
				ENABLE_TESTABILITY = YES;
				GCC_C_LANGUAGE_STANDARD = gnu99;
				GCC_DYNAMIC_NO_PIC = NO;
				GCC_NO_COMMON_BLOCKS = YES;
				GCC_OPTIMIZATION_LEVEL = 0;
				GCC_PREPROCESSOR_DEFINITIONS = (
					"DEBUG=1",
					"$(inherited)",
				);
				GCC_WARN_64_TO_32_BIT_CONVERSION = YES;
				GCC_WARN_ABOUT_RETURN_TYPE = YES_ERROR;
				GCC_WARN_UNDECLARED_SELECTOR = YES;
				GCC_WARN_UNINITIALIZED_AUTOS = YES_AGGRESSIVE;
				GCC_WARN_UNUSED_FUNCTION = YES;
				GCC_WARN_UNUSED_VARIABLE = YES;
				IPHONEOS_DEPLOYMENT_TARGET = 9.1;
				MTL_ENABLE_DEBUG_INFO = YES;
				ONLY_ACTIVE_ARCH = YES;
				SDKROOT = iphoneos;
				SWIFT_OPTIMIZATION_LEVEL = "-Onone";
			};
			name = Debug;
		};
		C7B8385E1C009CDB00874A94 /* Release */ = {
			isa = XCBuildConfiguration;
			buildSettings = {
				ALWAYS_SEARCH_USER_PATHS = NO;
				CLANG_CXX_LANGUAGE_STANDARD = "gnu++0x";
				CLANG_CXX_LIBRARY = "libc++";
				CLANG_ENABLE_MODULES = YES;
				CLANG_ENABLE_OBJC_ARC = YES;
				CLANG_WARN_BOOL_CONVERSION = YES;
				CLANG_WARN_CONSTANT_CONVERSION = YES;
				CLANG_WARN_DIRECT_OBJC_ISA_USAGE = YES_ERROR;
				CLANG_WARN_EMPTY_BODY = YES;
				CLANG_WARN_ENUM_CONVERSION = YES;
				CLANG_WARN_INT_CONVERSION = YES;
				CLANG_WARN_OBJC_ROOT_CLASS = YES_ERROR;
				CLANG_WARN_UNREACHABLE_CODE = YES;
				CLANG_WARN__DUPLICATE_METHOD_MATCH = YES;
				"CODE_SIGN_IDENTITY[sdk=iphoneos*]" = "iPhone Developer";
				COPY_PHASE_STRIP = NO;
				DEBUG_INFORMATION_FORMAT = "dwarf-with-dsym";
				ENABLE_NS_ASSERTIONS = NO;
				ENABLE_STRICT_OBJC_MSGSEND = YES;
				GCC_C_LANGUAGE_STANDARD = gnu99;
				GCC_NO_COMMON_BLOCKS = YES;
				GCC_WARN_64_TO_32_BIT_CONVERSION = YES;
				GCC_WARN_ABOUT_RETURN_TYPE = YES_ERROR;
				GCC_WARN_UNDECLARED_SELECTOR = YES;
				GCC_WARN_UNINITIALIZED_AUTOS = YES_AGGRESSIVE;
				GCC_WARN_UNUSED_FUNCTION = YES;
				GCC_WARN_UNUSED_VARIABLE = YES;
				IPHONEOS_DEPLOYMENT_TARGET = 9.1;
				MTL_ENABLE_DEBUG_INFO = NO;
				SDKROOT = iphoneos;
				VALIDATE_PRODUCT = YES;
			};
			name = Release;
		};
		C7B838601C009CDB00874A94 /* Debug */ = {
			isa = XCBuildConfiguration;
			buildSettings = {
				ASSETCATALOG_COMPILER_APPICON_NAME = AppIcon;
				INFOPLIST_FILE = iBeaconDemo/Info.plist;
				LD_RUNPATH_SEARCH_PATHS = "$(inherited) @executable_path/Frameworks";
				PRODUCT_BUNDLE_IDENTIFIER = com.osatou.iBeaconDemo;
				PRODUCT_NAME = "$(TARGET_NAME)";
			};
			name = Debug;
		};
		C7B838611C009CDB00874A94 /* Release */ = {
			isa = XCBuildConfiguration;
			buildSettings = {
				ASSETCATALOG_COMPILER_APPICON_NAME = AppIcon;
				INFOPLIST_FILE = iBeaconDemo/Info.plist;
				LD_RUNPATH_SEARCH_PATHS = "$(inherited) @executable_path/Frameworks";
				PRODUCT_BUNDLE_IDENTIFIER = com.osatou.iBeaconDemo;
				PRODUCT_NAME = "$(TARGET_NAME)";
			};
			name = Release;
		};
		C7B838631C009CDB00874A94 /* Debug */ = {
			isa = XCBuildConfiguration;
			buildSettings = {
				BUNDLE_LOADER = "$(TEST_HOST)";
				INFOPLIST_FILE = iBeaconDemoTests/Info.plist;
				LD_RUNPATH_SEARCH_PATHS = "$(inherited) @executable_path/Frameworks @loader_path/Frameworks";
				PRODUCT_BUNDLE_IDENTIFIER = com.osatou.iBeaconDemoTests;
				PRODUCT_NAME = "$(TARGET_NAME)";
				TEST_HOST = "$(BUILT_PRODUCTS_DIR)/iBeaconDemo.app/iBeaconDemo";
			};
			name = Debug;
		};
		C7B838641C009CDB00874A94 /* Release */ = {
			isa = XCBuildConfiguration;
			buildSettings = {
				BUNDLE_LOADER = "$(TEST_HOST)";
				INFOPLIST_FILE = iBeaconDemoTests/Info.plist;
				LD_RUNPATH_SEARCH_PATHS = "$(inherited) @executable_path/Frameworks @loader_path/Frameworks";
				PRODUCT_BUNDLE_IDENTIFIER = com.osatou.iBeaconDemoTests;
				PRODUCT_NAME = "$(TARGET_NAME)";
				TEST_HOST = "$(BUILT_PRODUCTS_DIR)/iBeaconDemo.app/iBeaconDemo";
			};
			name = Release;
		};
		C7B838661C009CDB00874A94 /* Debug */ = {
			isa = XCBuildConfiguration;
			buildSettings = {
				INFOPLIST_FILE = iBeaconDemoUITests/Info.plist;
				LD_RUNPATH_SEARCH_PATHS = "$(inherited) @executable_path/Frameworks @loader_path/Frameworks";
				PRODUCT_BUNDLE_IDENTIFIER = com.osatou.iBeaconDemoUITests;
				PRODUCT_NAME = "$(TARGET_NAME)";
				TEST_TARGET_NAME = iBeaconDemo;
				USES_XCTRUNNER = YES;
			};
			name = Debug;
		};
		C7B838671C009CDB00874A94 /* Release */ = {
			isa = XCBuildConfiguration;
			buildSettings = {
				INFOPLIST_FILE = iBeaconDemoUITests/Info.plist;
				LD_RUNPATH_SEARCH_PATHS = "$(inherited) @executable_path/Frameworks @loader_path/Frameworks";
				PRODUCT_BUNDLE_IDENTIFIER = com.osatou.iBeaconDemoUITests;
				PRODUCT_NAME = "$(TARGET_NAME)";
				TEST_TARGET_NAME = iBeaconDemo;
				USES_XCTRUNNER = YES;
			};
			name = Release;
		};
/* End XCBuildConfiguration section */

/* Begin XCConfigurationList section */
		C7B838321C009CDB00874A94 /* Build configuration list for PBXProject "iBeaconDemo" */ = {
			isa = XCConfigurationList;
			buildConfigurations = (
				C7B8385D1C009CDB00874A94 /* Debug */,
				C7B8385E1C009CDB00874A94 /* Release */,
			);
			defaultConfigurationIsVisible = 0;
			defaultConfigurationName = Release;
		};
		C7B8385F1C009CDB00874A94 /* Build configuration list for PBXNativeTarget "iBeaconDemo" */ = {
			isa = XCConfigurationList;
			buildConfigurations = (
				C7B838601C009CDB00874A94 /* Debug */,
				C7B838611C009CDB00874A94 /* Release */,
			);
			defaultConfigurationIsVisible = 0;
		};
		C7B838621C009CDB00874A94 /* Build configuration list for PBXNativeTarget "iBeaconDemoTests" */ = {
			isa = XCConfigurationList;
			buildConfigurations = (
				C7B838631C009CDB00874A94 /* Debug */,
				C7B838641C009CDB00874A94 /* Release */,
			);
			defaultConfigurationIsVisible = 0;
		};
		C7B838651C009CDB00874A94 /* Build configuration list for PBXNativeTarget "iBeaconDemoUITests" */ = {
			isa = XCConfigurationList;
			buildConfigurations = (
				C7B838661C009CDB00874A94 /* Debug */,
				C7B838671C009CDB00874A94 /* Release */,
			);
			defaultConfigurationIsVisible = 0;
		};
/* End XCConfigurationList section */
	};
	rootObject = C7B8382F1C009CDB00874A94 /* Project object */;
}
