// !$*UTF8*$!
{
	archiveVersion = 1;
	classes = {
	};
	objectVersion = 46;
	objects = {

/* Begin PBXBuildFile section */
		C77446381C094439006AB841 /* AppDelegate.swift in Sources */ = {isa = PBXBuildFile; fileRef = C77446371C094439006AB841 /* AppDelegate.swift */; };
		C774463A1C094439006AB841 /* ViewController.swift in Sources */ = {isa = PBXBuildFile; fileRef = C77446391C094439006AB841 /* ViewController.swift */; };
		C774463D1C094439006AB841 /* Main.storyboard in Resources */ = {isa = PBXBuildFile; fileRef = C774463B1C094439006AB841 /* Main.storyboard */; };
		C774463F1C094439006AB841 /* Assets.xcassets in Resources */ = {isa = PBXBuildFile; fileRef = C774463E1C094439006AB841 /* Assets.xcassets */; };
		C77446421C094439006AB841 /* LaunchScreen.storyboard in Resources */ = {isa = PBXBuildFile; fileRef = C77446401C094439006AB841 /* LaunchScreen.storyboard */; };
		C774464D1C094439006AB841 /* PushDemoTests.swift in Sources */ = {isa = PBXBuildFile; fileRef = C774464C1C094439006AB841 /* PushDemoTests.swift */; };
		C77446581C094439006AB841 /* PushDemoUITests.swift in Sources */ = {isa = PBXBuildFile; fileRef = C77446571C094439006AB841 /* PushDemoUITests.swift */; };
/* End PBXBuildFile section */

/* Begin PBXContainerItemProxy section */
		C77446491C094439006AB841 /* PBXContainerItemProxy */ = {
			isa = PBXContainerItemProxy;
			containerPortal = C774462C1C094439006AB841 /* Project object */;
			proxyType = 1;
			remoteGlobalIDString = C77446331C094439006AB841;
			remoteInfo = PushDemo;
		};
		C77446541C094439006AB841 /* PBXContainerItemProxy */ = {
			isa = PBXContainerItemProxy;
			containerPortal = C774462C1C094439006AB841 /* Project object */;
			proxyType = 1;
			remoteGlobalIDString = C77446331C094439006AB841;
			remoteInfo = PushDemo;
		};
/* End PBXContainerItemProxy section */

/* Begin PBXFileReference section */
		C77446341C094439006AB841 /* PushDemo.app */ = {isa = PBXFileReference; explicitFileType = wrapper.application; includeInIndex = 0; path = PushDemo.app; sourceTree = BUILT_PRODUCTS_DIR; };
		C77446371C094439006AB841 /* AppDelegate.swift */ = {isa = PBXFileReference; lastKnownFileType = sourcecode.swift; path = AppDelegate.swift; sourceTree = "<group>"; };
		C77446391C094439006AB841 /* ViewController.swift */ = {isa = PBXFileReference; lastKnownFileType = sourcecode.swift; path = ViewController.swift; sourceTree = "<group>"; };
		C774463C1C094439006AB841 /* Base */ = {isa = PBXFileReference; lastKnownFileType = file.storyboard; name = Base; path = Base.lproj/Main.storyboard; sourceTree = "<group>"; };
		C774463E1C094439006AB841 /* Assets.xcassets */ = {isa = PBXFileReference; lastKnownFileType = folder.assetcatalog; path = Assets.xcassets; sourceTree = "<group>"; };
		C77446411C094439006AB841 /* Base */ = {isa = PBXFileReference; lastKnownFileType = file.storyboard; name = Base; path = Base.lproj/LaunchScreen.storyboard; sourceTree = "<group>"; };
		C77446431C094439006AB841 /* Info.plist */ = {isa = PBXFileReference; lastKnownFileType = text.plist.xml; path = Info.plist; sourceTree = "<group>"; };
		C77446481C094439006AB841 /* PushDemoTests.xctest */ = {isa = PBXFileReference; explicitFileType = wrapper.cfbundle; includeInIndex = 0; path = PushDemoTests.xctest; sourceTree = BUILT_PRODUCTS_DIR; };
		C774464C1C094439006AB841 /* PushDemoTests.swift */ = {isa = PBXFileReference; lastKnownFileType = sourcecode.swift; path = PushDemoTests.swift; sourceTree = "<group>"; };
		C774464E1C094439006AB841 /* Info.plist */ = {isa = PBXFileReference; lastKnownFileType = text.plist.xml; path = Info.plist; sourceTree = "<group>"; };
		C77446531C094439006AB841 /* PushDemoUITests.xctest */ = {isa = PBXFileReference; explicitFileType = wrapper.cfbundle; includeInIndex = 0; path = PushDemoUITests.xctest; sourceTree = BUILT_PRODUCTS_DIR; };
		C77446571C094439006AB841 /* PushDemoUITests.swift */ = {isa = PBXFileReference; lastKnownFileType = sourcecode.swift; path = PushDemoUITests.swift; sourceTree = "<group>"; };
		C77446591C094439006AB841 /* Info.plist */ = {isa = PBXFileReference; lastKnownFileType = text.plist.xml; path = Info.plist; sourceTree = "<group>"; };
/* End PBXFileReference section */

/* Begin PBXFrameworksBuildPhase section */
		C77446311C094439006AB841 /* Frameworks */ = {
			isa = PBXFrameworksBuildPhase;
			buildActionMask = 2147483647;
			files = (
			);
			runOnlyForDeploymentPostprocessing = 0;
		};
		C77446451C094439006AB841 /* Frameworks */ = {
			isa = PBXFrameworksBuildPhase;
			buildActionMask = 2147483647;
			files = (
			);
			runOnlyForDeploymentPostprocessing = 0;
		};
		C77446501C094439006AB841 /* Frameworks */ = {
			isa = PBXFrameworksBuildPhase;
			buildActionMask = 2147483647;
			files = (
			);
			runOnlyForDeploymentPostprocessing = 0;
		};
/* End PBXFrameworksBuildPhase section */

/* Begin PBXGroup section */
		C774462B1C094439006AB841 = {
			isa = PBXGroup;
			children = (
				C77446361C094439006AB841 /* PushDemo */,
				C774464B1C094439006AB841 /* PushDemoTests */,
				C77446561C094439006AB841 /* PushDemoUITests */,
				C77446351C094439006AB841 /* Products */,
			);
			sourceTree = "<group>";
		};
		C77446351C094439006AB841 /* Products */ = {
			isa = PBXGroup;
			children = (
				C77446341C094439006AB841 /* PushDemo.app */,
				C77446481C094439006AB841 /* PushDemoTests.xctest */,
				C77446531C094439006AB841 /* PushDemoUITests.xctest */,
			);
			name = Products;
			sourceTree = "<group>";
		};
		C77446361C094439006AB841 /* PushDemo */ = {
			isa = PBXGroup;
			children = (
				C77446371C094439006AB841 /* AppDelegate.swift */,
				C77446391C094439006AB841 /* ViewController.swift */,
				C774463B1C094439006AB841 /* Main.storyboard */,
				C774463E1C094439006AB841 /* Assets.xcassets */,
				C77446401C094439006AB841 /* LaunchScreen.storyboard */,
				C77446431C094439006AB841 /* Info.plist */,
			);
			path = PushDemo;
			sourceTree = "<group>";
		};
		C774464B1C094439006AB841 /* PushDemoTests */ = {
			isa = PBXGroup;
			children = (
				C774464C1C094439006AB841 /* PushDemoTests.swift */,
				C774464E1C094439006AB841 /* Info.plist */,
			);
			path = PushDemoTests;
			sourceTree = "<group>";
		};
		C77446561C094439006AB841 /* PushDemoUITests */ = {
			isa = PBXGroup;
			children = (
				C77446571C094439006AB841 /* PushDemoUITests.swift */,
				C77446591C094439006AB841 /* Info.plist */,
			);
			path = PushDemoUITests;
			sourceTree = "<group>";
		};
/* End PBXGroup section */

/* Begin PBXNativeTarget section */
		C77446331C094439006AB841 /* PushDemo */ = {
			isa = PBXNativeTarget;
			buildConfigurationList = C774465C1C09443A006AB841 /* Build configuration list for PBXNativeTarget "PushDemo" */;
			buildPhases = (
				C77446301C094439006AB841 /* Sources */,
				C77446311C094439006AB841 /* Frameworks */,
				C77446321C094439006AB841 /* Resources */,
			);
			buildRules = (
			);
			dependencies = (
			);
			name = PushDemo;
			productName = PushDemo;
			productReference = C77446341C094439006AB841 /* PushDemo.app */;
			productType = "com.apple.product-type.application";
		};
		C77446471C094439006AB841 /* PushDemoTests */ = {
			isa = PBXNativeTarget;
			buildConfigurationList = C774465F1C09443A006AB841 /* Build configuration list for PBXNativeTarget "PushDemoTests" */;
			buildPhases = (
				C77446441C094439006AB841 /* Sources */,
				C77446451C094439006AB841 /* Frameworks */,
				C77446461C094439006AB841 /* Resources */,
			);
			buildRules = (
			);
			dependencies = (
				C774464A1C094439006AB841 /* PBXTargetDependency */,
			);
			name = PushDemoTests;
			productName = PushDemoTests;
			productReference = C77446481C094439006AB841 /* PushDemoTests.xctest */;
			productType = "com.apple.product-type.bundle.unit-test";
		};
		C77446521C094439006AB841 /* PushDemoUITests */ = {
			isa = PBXNativeTarget;
			buildConfigurationList = C77446621C09443A006AB841 /* Build configuration list for PBXNativeTarget "PushDemoUITests" */;
			buildPhases = (
				C774464F1C094439006AB841 /* Sources */,
				C77446501C094439006AB841 /* Frameworks */,
				C77446511C094439006AB841 /* Resources */,
			);
			buildRules = (
			);
			dependencies = (
				C77446551C094439006AB841 /* PBXTargetDependency */,
			);
			name = PushDemoUITests;
			productName = PushDemoUITests;
			productReference = C77446531C094439006AB841 /* PushDemoUITests.xctest */;
			productType = "com.apple.product-type.bundle.ui-testing";
		};
/* End PBXNativeTarget section */

/* Begin PBXProject section */
		C774462C1C094439006AB841 /* Project object */ = {
			isa = PBXProject;
			attributes = {
				LastSwiftUpdateCheck = 0710;
				LastUpgradeCheck = 0710;
				ORGANIZATIONNAME = go;
				TargetAttributes = {
					C77446331C094439006AB841 = {
						CreatedOnToolsVersion = 7.1.1;
						DevelopmentTeam = YZQ5H72H89;
					};
					C77446471C094439006AB841 = {
						CreatedOnToolsVersion = 7.1.1;
						DevelopmentTeam = YZQ5H72H89;
						TestTargetID = C77446331C094439006AB841;
					};
					C77446521C094439006AB841 = {
						CreatedOnToolsVersion = 7.1.1;
						DevelopmentTeam = YZQ5H72H89;
						TestTargetID = C77446331C094439006AB841;
					};
				};
			};
			buildConfigurationList = C774462F1C094439006AB841 /* Build configuration list for PBXProject "PushDemo" */;
			compatibilityVersion = "Xcode 3.2";
			developmentRegion = English;
			hasScannedForEncodings = 0;
			knownRegions = (
				en,
				Base,
			);
			mainGroup = C774462B1C094439006AB841;
			productRefGroup = C77446351C094439006AB841 /* Products */;
			projectDirPath = "";
			projectRoot = "";
			targets = (
				C77446331C094439006AB841 /* PushDemo */,
				C77446471C094439006AB841 /* PushDemoTests */,
				C77446521C094439006AB841 /* PushDemoUITests */,
			);
		};
/* End PBXProject section */

/* Begin PBXResourcesBuildPhase section */
		C77446321C094439006AB841 /* Resources */ = {
			isa = PBXResourcesBuildPhase;
			buildActionMask = 2147483647;
			files = (
				C77446421C094439006AB841 /* LaunchScreen.storyboard in Resources */,
				C774463F1C094439006AB841 /* Assets.xcassets in Resources */,
				C774463D1C094439006AB841 /* Main.storyboard in Resources */,
			);
			runOnlyForDeploymentPostprocessing = 0;
		};
		C77446461C094439006AB841 /* Resources */ = {
			isa = PBXResourcesBuildPhase;
			buildActionMask = 2147483647;
			files = (
			);
			runOnlyForDeploymentPostprocessing = 0;
		};
		C77446511C094439006AB841 /* Resources */ = {
			isa = PBXResourcesBuildPhase;
			buildActionMask = 2147483647;
			files = (
			);
			runOnlyForDeploymentPostprocessing = 0;
		};
/* End PBXResourcesBuildPhase section */

/* Begin PBXSourcesBuildPhase section */
		C77446301C094439006AB841 /* Sources */ = {
			isa = PBXSourcesBuildPhase;
			buildActionMask = 2147483647;
			files = (
				C774463A1C094439006AB841 /* ViewController.swift in Sources */,
				C77446381C094439006AB841 /* AppDelegate.swift in Sources */,
			);
			runOnlyForDeploymentPostprocessing = 0;
		};
		C77446441C094439006AB841 /* Sources */ = {
			isa = PBXSourcesBuildPhase;
			buildActionMask = 2147483647;
			files = (
				C774464D1C094439006AB841 /* PushDemoTests.swift in Sources */,
			);
			runOnlyForDeploymentPostprocessing = 0;
		};
		C774464F1C094439006AB841 /* Sources */ = {
			isa = PBXSourcesBuildPhase;
			buildActionMask = 2147483647;
			files = (
				C77446581C094439006AB841 /* PushDemoUITests.swift in Sources */,
			);
			runOnlyForDeploymentPostprocessing = 0;
		};
/* End PBXSourcesBuildPhase section */

/* Begin PBXTargetDependency section */
		C774464A1C094439006AB841 /* PBXTargetDependency */ = {
			isa = PBXTargetDependency;
			target = C77446331C094439006AB841 /* PushDemo */;
			targetProxy = C77446491C094439006AB841 /* PBXContainerItemProxy */;
		};
		C77446551C094439006AB841 /* PBXTargetDependency */ = {
			isa = PBXTargetDependency;
			target = C77446331C094439006AB841 /* PushDemo */;
			targetProxy = C77446541C094439006AB841 /* PBXContainerItemProxy */;
		};
/* End PBXTargetDependency section */

/* Begin PBXVariantGroup section */
		C774463B1C094439006AB841 /* Main.storyboard */ = {
			isa = PBXVariantGroup;
			children = (
				C774463C1C094439006AB841 /* Base */,
			);
			name = Main.storyboard;
			sourceTree = "<group>";
		};
		C77446401C094439006AB841 /* LaunchScreen.storyboard */ = {
			isa = PBXVariantGroup;
			children = (
				C77446411C094439006AB841 /* Base */,
			);
			name = LaunchScreen.storyboard;
			sourceTree = "<group>";
		};
/* End PBXVariantGroup section */

/* Begin XCBuildConfiguration section */
		C774465A1C09443A006AB841 /* Debug */ = {
			isa = XCBuildConfiguration;
			buildSettings = {
				ALWAYS_SEARCH_USER_PATHS = NO;
				CLANG_CXX_LANGUAGE_STANDARD = "gnu++0x";
				CLANG_CXX_LIBRARY = "libc++";
				CLANG_ENABLE_MODULES = YES;
				CLANG_ENABLE_OBJC_ARC = YES;
				CLANG_WARN_BOOL_CONVERSION = YES;
				CLANG_WARN_CONSTANT_CONVERSION = YES;
				CLANG_WARN_DIRECT_OBJC_ISA_USAGE = YES_ERROR;
				CLANG_WARN_EMPTY_BODY = YES;
				CLANG_WARN_ENUM_CONVERSION = YES;
				CLANG_WARN_INT_CONVERSION = YES;
				CLANG_WARN_OBJC_ROOT_CLASS = YES_ERROR;
				CLANG_WARN_UNREACHABLE_CODE = YES;
				CLANG_WARN__DUPLICATE_METHOD_MATCH = YES;
				"CODE_SIGN_IDENTITY[sdk=iphoneos*]" = "iPhone Developer";
				COPY_PHASE_STRIP = NO;
				DEBUG_INFORMATION_FORMAT = dwarf;
				ENABLE_STRICT_OBJC_MSGSEND = YES;
				ENABLE_TESTABILITY = YES;
				GCC_C_LANGUAGE_STANDARD = gnu99;
				GCC_DYNAMIC_NO_PIC = NO;
				GCC_NO_COMMON_BLOCKS = YES;
				GCC_OPTIMIZATION_LEVEL = 0;
				GCC_PREPROCESSOR_DEFINITIONS = (
					"DEBUG=1",
					"$(inherited)",
				);
				GCC_WARN_64_TO_32_BIT_CONVERSION = YES;
				GCC_WARN_ABOUT_RETURN_TYPE = YES_ERROR;
				GCC_WARN_UNDECLARED_SELECTOR = YES;
				GCC_WARN_UNINITIALIZED_AUTOS = YES_AGGRESSIVE;
				GCC_WARN_UNUSED_FUNCTION = YES;
				GCC_WARN_UNUSED_VARIABLE = YES;
				IPHONEOS_DEPLOYMENT_TARGET = 9.1;
				MTL_ENABLE_DEBUG_INFO = YES;
				ONLY_ACTIVE_ARCH = YES;
				SDKROOT = iphoneos;
				SWIFT_OPTIMIZATION_LEVEL = "-Onone";
			};
			name = Debug;
		};
		C774465B1C09443A006AB841 /* Release */ = {
			isa = XCBuildConfiguration;
			buildSettings = {
				ALWAYS_SEARCH_USER_PATHS = NO;
				CLANG_CXX_LANGUAGE_STANDARD = "gnu++0x";
				CLANG_CXX_LIBRARY = "libc++";
				CLANG_ENABLE_MODULES = YES;
				CLANG_ENABLE_OBJC_ARC = YES;
				CLANG_WARN_BOOL_CONVERSION = YES;
				CLANG_WARN_CONSTANT_CONVERSION = YES;
				CLANG_WARN_DIRECT_OBJC_ISA_USAGE = YES_ERROR;
				CLANG_WARN_EMPTY_BODY = YES;
				CLANG_WARN_ENUM_CONVERSION = YES;
				CLANG_WARN_INT_CONVERSION = YES;
				CLANG_WARN_OBJC_ROOT_CLASS = YES_ERROR;
				CLANG_WARN_UNREACHABLE_CODE = YES;
				CLANG_WARN__DUPLICATE_METHOD_MATCH = YES;
				"CODE_SIGN_IDENTITY[sdk=iphoneos*]" = "iPhone Developer";
				COPY_PHASE_STRIP = NO;
				DEBUG_INFORMATION_FORMAT = "dwarf-with-dsym";
				ENABLE_NS_ASSERTIONS = NO;
				ENABLE_STRICT_OBJC_MSGSEND = YES;
				GCC_C_LANGUAGE_STANDARD = gnu99;
				GCC_NO_COMMON_BLOCKS = YES;
				GCC_WARN_64_TO_32_BIT_CONVERSION = YES;
				GCC_WARN_ABOUT_RETURN_TYPE = YES_ERROR;
				GCC_WARN_UNDECLARED_SELECTOR = YES;
				GCC_WARN_UNINITIALIZED_AUTOS = YES_AGGRESSIVE;
				GCC_WARN_UNUSED_FUNCTION = YES;
				GCC_WARN_UNUSED_VARIABLE = YES;
				IPHONEOS_DEPLOYMENT_TARGET = 9.1;
				MTL_ENABLE_DEBUG_INFO = NO;
				SDKROOT = iphoneos;
				VALIDATE_PRODUCT = YES;
			};
			name = Release;
		};
		C774465D1C09443A006AB841 /* Debug */ = {
			isa = XCBuildConfiguration;
			buildSettings = {
				ASSETCATALOG_COMPILER_APPICON_NAME = AppIcon;
				INFOPLIST_FILE = PushDemo/Info.plist;
				LD_RUNPATH_SEARCH_PATHS = "$(inherited) @executable_path/Frameworks";
				PRODUCT_BUNDLE_IDENTIFIER = com.osatou.PushDemo;
				PRODUCT_NAME = "$(TARGET_NAME)";
			};
			name = Debug;
		};
		C774465E1C09443A006AB841 /* Release */ = {
			isa = XCBuildConfiguration;
			buildSettings = {
				ASSETCATALOG_COMPILER_APPICON_NAME = AppIcon;
				INFOPLIST_FILE = PushDemo/Info.plist;
				LD_RUNPATH_SEARCH_PATHS = "$(inherited) @executable_path/Frameworks";
				PRODUCT_BUNDLE_IDENTIFIER = com.osatou.PushDemo;
				PRODUCT_NAME = "$(TARGET_NAME)";
			};
			name = Release;
		};
		C77446601C09443A006AB841 /* Debug */ = {
			isa = XCBuildConfiguration;
			buildSettings = {
				BUNDLE_LOADER = "$(TEST_HOST)";
				INFOPLIST_FILE = PushDemoTests/Info.plist;
				LD_RUNPATH_SEARCH_PATHS = "$(inherited) @executable_path/Frameworks @loader_path/Frameworks";
				PRODUCT_BUNDLE_IDENTIFIER = com.osatou.PushDemoTests;
				PRODUCT_NAME = "$(TARGET_NAME)";
				TEST_HOST = "$(BUILT_PRODUCTS_DIR)/PushDemo.app/PushDemo";
			};
			name = Debug;
		};
		C77446611C09443A006AB841 /* Release */ = {
			isa = XCBuildConfiguration;
			buildSettings = {
				BUNDLE_LOADER = "$(TEST_HOST)";
				INFOPLIST_FILE = PushDemoTests/Info.plist;
				LD_RUNPATH_SEARCH_PATHS = "$(inherited) @executable_path/Frameworks @loader_path/Frameworks";
				PRODUCT_BUNDLE_IDENTIFIER = com.osatou.PushDemoTests;
				PRODUCT_NAME = "$(TARGET_NAME)";
				TEST_HOST = "$(BUILT_PRODUCTS_DIR)/PushDemo.app/PushDemo";
			};
			name = Release;
		};
		C77446631C09443A006AB841 /* Debug */ = {
			isa = XCBuildConfiguration;
			buildSettings = {
				INFOPLIST_FILE = PushDemoUITests/Info.plist;
				LD_RUNPATH_SEARCH_PATHS = "$(inherited) @executable_path/Frameworks @loader_path/Frameworks";
				PRODUCT_BUNDLE_IDENTIFIER = com.osatou.PushDemoUITests;
				PRODUCT_NAME = "$(TARGET_NAME)";
				TEST_TARGET_NAME = PushDemo;
				USES_XCTRUNNER = YES;
			};
			name = Debug;
		};
		C77446641C09443A006AB841 /* Release */ = {
			isa = XCBuildConfiguration;
			buildSettings = {
				INFOPLIST_FILE = PushDemoUITests/Info.plist;
				LD_RUNPATH_SEARCH_PATHS = "$(inherited) @executable_path/Frameworks @loader_path/Frameworks";
				PRODUCT_BUNDLE_IDENTIFIER = com.osatou.PushDemoUITests;
				PRODUCT_NAME = "$(TARGET_NAME)";
				TEST_TARGET_NAME = PushDemo;
				USES_XCTRUNNER = YES;
			};
			name = Release;
		};
/* End XCBuildConfiguration section */

/* Begin XCConfigurationList section */
		C774462F1C094439006AB841 /* Build configuration list for PBXProject "PushDemo" */ = {
			isa = XCConfigurationList;
			buildConfigurations = (
				C774465A1C09443A006AB841 /* Debug */,
				C774465B1C09443A006AB841 /* Release */,
			);
			defaultConfigurationIsVisible = 0;
			defaultConfigurationName = Release;
		};
		C774465C1C09443A006AB841 /* Build configuration list for PBXNativeTarget "PushDemo" */ = {
			isa = XCConfigurationList;
			buildConfigurations = (
				C774465D1C09443A006AB841 /* Debug */,
				C774465E1C09443A006AB841 /* Release */,
			);
			defaultConfigurationIsVisible = 0;
		};
		C774465F1C09443A006AB841 /* Build configuration list for PBXNativeTarget "PushDemoTests" */ = {
			isa = XCConfigurationList;
			buildConfigurations = (
				C77446601C09443A006AB841 /* Debug */,
				C77446611C09443A006AB841 /* Release */,
			);
			defaultConfigurationIsVisible = 0;
		};
		C77446621C09443A006AB841 /* Build configuration list for PBXNativeTarget "PushDemoUITests" */ = {
			isa = XCConfigurationList;
			buildConfigurations = (
				C77446631C09443A006AB841 /* Debug */,
				C77446641C09443A006AB841 /* Release */,
			);
			defaultConfigurationIsVisible = 0;
		};
/* End XCConfigurationList section */
	};
	rootObject = C774462C1C094439006AB841 /* Project object */;
}
