// !$*UTF8*$!
{
	archiveVersion = 1;
	classes = {
	};
	objectVersion = 46;
	objects = {

/* Begin PBXBuildFile section */
		C77446721C09602D006AB841 /* AppDelegate.swift in Sources */ = {isa = PBXBuildFile; fileRef = C77446711C09602D006AB841 /* AppDelegate.swift */; };
		C77446741C09602D006AB841 /* ViewController.swift in Sources */ = {isa = PBXBuildFile; fileRef = C77446731C09602D006AB841 /* ViewController.swift */; };
		C77446771C09602D006AB841 /* Main.storyboard in Resources */ = {isa = PBXBuildFile; fileRef = C77446751C09602D006AB841 /* Main.storyboard */; };
		C77446791C09602D006AB841 /* Assets.xcassets in Resources */ = {isa = PBXBuildFile; fileRef = C77446781C09602D006AB841 /* Assets.xcassets */; };
		C774467C1C09602D006AB841 /* LaunchScreen.storyboard in Resources */ = {isa = PBXBuildFile; fileRef = C774467A1C09602D006AB841 /* LaunchScreen.storyboard */; };
		C77446871C09602D006AB841 /* AirMeetDemoTests.swift in Sources */ = {isa = PBXBuildFile; fileRef = C77446861C09602D006AB841 /* AirMeetDemoTests.swift */; };
		C77446921C09602D006AB841 /* AirMeetDemoUITests.swift in Sources */ = {isa = PBXBuildFile; fileRef = C77446911C09602D006AB841 /* AirMeetDemoUITests.swift */; };
/* End PBXBuildFile section */

/* Begin PBXContainerItemProxy section */
		C77446831C09602D006AB841 /* PBXContainerItemProxy */ = {
			isa = PBXContainerItemProxy;
			containerPortal = C77446661C09602D006AB841 /* Project object */;
			proxyType = 1;
			remoteGlobalIDString = C774466D1C09602D006AB841;
			remoteInfo = AirMeetDemo;
		};
		C774468E1C09602D006AB841 /* PBXContainerItemProxy */ = {
			isa = PBXContainerItemProxy;
			containerPortal = C77446661C09602D006AB841 /* Project object */;
			proxyType = 1;
			remoteGlobalIDString = C774466D1C09602D006AB841;
			remoteInfo = AirMeetDemo;
		};
/* End PBXContainerItemProxy section */

/* Begin PBXFileReference section */
		C774466E1C09602D006AB841 /* AirMeetDemo.app */ = {isa = PBXFileReference; explicitFileType = wrapper.application; includeInIndex = 0; path = AirMeetDemo.app; sourceTree = BUILT_PRODUCTS_DIR; };
		C77446711C09602D006AB841 /* AppDelegate.swift */ = {isa = PBXFileReference; lastKnownFileType = sourcecode.swift; path = AppDelegate.swift; sourceTree = "<group>"; };
		C77446731C09602D006AB841 /* ViewController.swift */ = {isa = PBXFileReference; lastKnownFileType = sourcecode.swift; path = ViewController.swift; sourceTree = "<group>"; };
		C77446761C09602D006AB841 /* Base */ = {isa = PBXFileReference; lastKnownFileType = file.storyboard; name = Base; path = Base.lproj/Main.storyboard; sourceTree = "<group>"; };
		C77446781C09602D006AB841 /* Assets.xcassets */ = {isa = PBXFileReference; lastKnownFileType = folder.assetcatalog; path = Assets.xcassets; sourceTree = "<group>"; };
		C774467B1C09602D006AB841 /* Base */ = {isa = PBXFileReference; lastKnownFileType = file.storyboard; name = Base; path = Base.lproj/LaunchScreen.storyboard; sourceTree = "<group>"; };
		C774467D1C09602D006AB841 /* Info.plist */ = {isa = PBXFileReference; lastKnownFileType = text.plist.xml; path = Info.plist; sourceTree = "<group>"; };
		C77446821C09602D006AB841 /* AirMeetDemoTests.xctest */ = {isa = PBXFileReference; explicitFileType = wrapper.cfbundle; includeInIndex = 0; path = AirMeetDemoTests.xctest; sourceTree = BUILT_PRODUCTS_DIR; };
		C77446861C09602D006AB841 /* AirMeetDemoTests.swift */ = {isa = PBXFileReference; lastKnownFileType = sourcecode.swift; path = AirMeetDemoTests.swift; sourceTree = "<group>"; };
		C77446881C09602D006AB841 /* Info.plist */ = {isa = PBXFileReference; lastKnownFileType = text.plist.xml; path = Info.plist; sourceTree = "<group>"; };
		C774468D1C09602D006AB841 /* AirMeetDemoUITests.xctest */ = {isa = PBXFileReference; explicitFileType = wrapper.cfbundle; includeInIndex = 0; path = AirMeetDemoUITests.xctest; sourceTree = BUILT_PRODUCTS_DIR; };
		C77446911C09602D006AB841 /* AirMeetDemoUITests.swift */ = {isa = PBXFileReference; lastKnownFileType = sourcecode.swift; path = AirMeetDemoUITests.swift; sourceTree = "<group>"; };
		C77446931C09602D006AB841 /* Info.plist */ = {isa = PBXFileReference; lastKnownFileType = text.plist.xml; path = Info.plist; sourceTree = "<group>"; };
/* End PBXFileReference section */

/* Begin PBXFrameworksBuildPhase section */
		C774466B1C09602D006AB841 /* Frameworks */ = {
			isa = PBXFrameworksBuildPhase;
			buildActionMask = 2147483647;
			files = (
			);
			runOnlyForDeploymentPostprocessing = 0;
		};
		C774467F1C09602D006AB841 /* Frameworks */ = {
			isa = PBXFrameworksBuildPhase;
			buildActionMask = 2147483647;
			files = (
			);
			runOnlyForDeploymentPostprocessing = 0;
		};
		C774468A1C09602D006AB841 /* Frameworks */ = {
			isa = PBXFrameworksBuildPhase;
			buildActionMask = 2147483647;
			files = (
			);
			runOnlyForDeploymentPostprocessing = 0;
		};
/* End PBXFrameworksBuildPhase section */

/* Begin PBXGroup section */
		C77446651C09602D006AB841 = {
			isa = PBXGroup;
			children = (
				C77446701C09602D006AB841 /* AirMeetDemo */,
				C77446851C09602D006AB841 /* AirMeetDemoTests */,
				C77446901C09602D006AB841 /* AirMeetDemoUITests */,
				C774466F1C09602D006AB841 /* Products */,
			);
			sourceTree = "<group>";
		};
		C774466F1C09602D006AB841 /* Products */ = {
			isa = PBXGroup;
			children = (
				C774466E1C09602D006AB841 /* AirMeetDemo.app */,
				C77446821C09602D006AB841 /* AirMeetDemoTests.xctest */,
				C774468D1C09602D006AB841 /* AirMeetDemoUITests.xctest */,
			);
			name = Products;
			sourceTree = "<group>";
		};
		C77446701C09602D006AB841 /* AirMeetDemo */ = {
			isa = PBXGroup;
			children = (
				C77446711C09602D006AB841 /* AppDelegate.swift */,
				C77446731C09602D006AB841 /* ViewController.swift */,
				C77446751C09602D006AB841 /* Main.storyboard */,
				C77446781C09602D006AB841 /* Assets.xcassets */,
				C774467A1C09602D006AB841 /* LaunchScreen.storyboard */,
				C774467D1C09602D006AB841 /* Info.plist */,
			);
			path = AirMeetDemo;
			sourceTree = "<group>";
		};
		C77446851C09602D006AB841 /* AirMeetDemoTests */ = {
			isa = PBXGroup;
			children = (
				C77446861C09602D006AB841 /* AirMeetDemoTests.swift */,
				C77446881C09602D006AB841 /* Info.plist */,
			);
			path = AirMeetDemoTests;
			sourceTree = "<group>";
		};
		C77446901C09602D006AB841 /* AirMeetDemoUITests */ = {
			isa = PBXGroup;
			children = (
				C77446911C09602D006AB841 /* AirMeetDemoUITests.swift */,
				C77446931C09602D006AB841 /* Info.plist */,
			);
			path = AirMeetDemoUITests;
			sourceTree = "<group>";
		};
/* End PBXGroup section */

/* Begin PBXNativeTarget section */
		C774466D1C09602D006AB841 /* AirMeetDemo */ = {
			isa = PBXNativeTarget;
			buildConfigurationList = C77446961C09602D006AB841 /* Build configuration list for PBXNativeTarget "AirMeetDemo" */;
			buildPhases = (
				C774466A1C09602D006AB841 /* Sources */,
				C774466B1C09602D006AB841 /* Frameworks */,
				C774466C1C09602D006AB841 /* Resources */,
			);
			buildRules = (
			);
			dependencies = (
			);
			name = AirMeetDemo;
			productName = AirMeetDemo;
			productReference = C774466E1C09602D006AB841 /* AirMeetDemo.app */;
			productType = "com.apple.product-type.application";
		};
		C77446811C09602D006AB841 /* AirMeetDemoTests */ = {
			isa = PBXNativeTarget;
			buildConfigurationList = C77446991C09602D006AB841 /* Build configuration list for PBXNativeTarget "AirMeetDemoTests" */;
			buildPhases = (
				C774467E1C09602D006AB841 /* Sources */,
				C774467F1C09602D006AB841 /* Frameworks */,
				C77446801C09602D006AB841 /* Resources */,
			);
			buildRules = (
			);
			dependencies = (
				C77446841C09602D006AB841 /* PBXTargetDependency */,
			);
			name = AirMeetDemoTests;
			productName = AirMeetDemoTests;
			productReference = C77446821C09602D006AB841 /* AirMeetDemoTests.xctest */;
			productType = "com.apple.product-type.bundle.unit-test";
		};
		C774468C1C09602D006AB841 /* AirMeetDemoUITests */ = {
			isa = PBXNativeTarget;
			buildConfigurationList = C774469C1C09602D006AB841 /* Build configuration list for PBXNativeTarget "AirMeetDemoUITests" */;
			buildPhases = (
				C77446891C09602D006AB841 /* Sources */,
				C774468A1C09602D006AB841 /* Frameworks */,
				C774468B1C09602D006AB841 /* Resources */,
			);
			buildRules = (
			);
			dependencies = (
				C774468F1C09602D006AB841 /* PBXTargetDependency */,
			);
			name = AirMeetDemoUITests;
			productName = AirMeetDemoUITests;
			productReference = C774468D1C09602D006AB841 /* AirMeetDemoUITests.xctest */;
			productType = "com.apple.product-type.bundle.ui-testing";
		};
/* End PBXNativeTarget section */

/* Begin PBXProject section */
		C77446661C09602D006AB841 /* Project object */ = {
			isa = PBXProject;
			attributes = {
				LastSwiftUpdateCheck = 0710;
				LastUpgradeCheck = 0710;
				ORGANIZATIONNAME = go;
				TargetAttributes = {
					C774466D1C09602D006AB841 = {
						CreatedOnToolsVersion = 7.1.1;
						DevelopmentTeam = YZQ5H72H89;
						SystemCapabilities = {
							com.apple.BackgroundModes = {
								enabled = 1;
							};
						};
					};
					C77446811C09602D006AB841 = {
						CreatedOnToolsVersion = 7.1.1;
						DevelopmentTeam = YZQ5H72H89;
						TestTargetID = C774466D1C09602D006AB841;
					};
					C774468C1C09602D006AB841 = {
						CreatedOnToolsVersion = 7.1.1;
						DevelopmentTeam = YZQ5H72H89;
						TestTargetID = C774466D1C09602D006AB841;
					};
				};
			};
			buildConfigurationList = C77446691C09602D006AB841 /* Build configuration list for PBXProject "AirMeetDemo" */;
			compatibilityVersion = "Xcode 3.2";
			developmentRegion = English;
			hasScannedForEncodings = 0;
			knownRegions = (
				en,
				Base,
			);
			mainGroup = C77446651C09602D006AB841;
			productRefGroup = C774466F1C09602D006AB841 /* Products */;
			projectDirPath = "";
			projectRoot = "";
			targets = (
				C774466D1C09602D006AB841 /* AirMeetDemo */,
				C77446811C09602D006AB841 /* AirMeetDemoTests */,
				C774468C1C09602D006AB841 /* AirMeetDemoUITests */,
			);
		};
/* End PBXProject section */

/* Begin PBXResourcesBuildPhase section */
		C774466C1C09602D006AB841 /* Resources */ = {
			isa = PBXResourcesBuildPhase;
			buildActionMask = 2147483647;
			files = (
				C774467C1C09602D006AB841 /* LaunchScreen.storyboard in Resources */,
				C77446791C09602D006AB841 /* Assets.xcassets in Resources */,
				C77446771C09602D006AB841 /* Main.storyboard in Resources */,
			);
			runOnlyForDeploymentPostprocessing = 0;
		};
		C77446801C09602D006AB841 /* Resources */ = {
			isa = PBXResourcesBuildPhase;
			buildActionMask = 2147483647;
			files = (
			);
			runOnlyForDeploymentPostprocessing = 0;
		};
		C774468B1C09602D006AB841 /* Resources */ = {
			isa = PBXResourcesBuildPhase;
			buildActionMask = 2147483647;
			files = (
			);
			runOnlyForDeploymentPostprocessing = 0;
		};
/* End PBXResourcesBuildPhase section */

/* Begin PBXSourcesBuildPhase section */
		C774466A1C09602D006AB841 /* Sources */ = {
			isa = PBXSourcesBuildPhase;
			buildActionMask = 2147483647;
			files = (
				C77446741C09602D006AB841 /* ViewController.swift in Sources */,
				C77446721C09602D006AB841 /* AppDelegate.swift in Sources */,
			);
			runOnlyForDeploymentPostprocessing = 0;
		};
		C774467E1C09602D006AB841 /* Sources */ = {
			isa = PBXSourcesBuildPhase;
			buildActionMask = 2147483647;
			files = (
				C77446871C09602D006AB841 /* AirMeetDemoTests.swift in Sources */,
			);
			runOnlyForDeploymentPostprocessing = 0;
		};
		C77446891C09602D006AB841 /* Sources */ = {
			isa = PBXSourcesBuildPhase;
			buildActionMask = 2147483647;
			files = (
				C77446921C09602D006AB841 /* AirMeetDemoUITests.swift in Sources */,
			);
			runOnlyForDeploymentPostprocessing = 0;
		};
/* End PBXSourcesBuildPhase section */

/* Begin PBXTargetDependency section */
		C77446841C09602D006AB841 /* PBXTargetDependency */ = {
			isa = PBXTargetDependency;
			target = C774466D1C09602D006AB841 /* AirMeetDemo */;
			targetProxy = C77446831C09602D006AB841 /* PBXContainerItemProxy */;
		};
		C774468F1C09602D006AB841 /* PBXTargetDependency */ = {
			isa = PBXTargetDependency;
			target = C774466D1C09602D006AB841 /* AirMeetDemo */;
			targetProxy = C774468E1C09602D006AB841 /* PBXContainerItemProxy */;
		};
/* End PBXTargetDependency section */

/* Begin PBXVariantGroup section */
		C77446751C09602D006AB841 /* Main.storyboard */ = {
			isa = PBXVariantGroup;
			children = (
				C77446761C09602D006AB841 /* Base */,
			);
			name = Main.storyboard;
			sourceTree = "<group>";
		};
		C774467A1C09602D006AB841 /* LaunchScreen.storyboard */ = {
			isa = PBXVariantGroup;
			children = (
				C774467B1C09602D006AB841 /* Base */,
			);
			name = LaunchScreen.storyboard;
			sourceTree = "<group>";
		};
/* End PBXVariantGroup section */

/* Begin XCBuildConfiguration section */
		C77446941C09602D006AB841 /* Debug */ = {
			isa = XCBuildConfiguration;
			buildSettings = {
				ALWAYS_SEARCH_USER_PATHS = NO;
				CLANG_CXX_LANGUAGE_STANDARD = "gnu++0x";
				CLANG_CXX_LIBRARY = "libc++";
				CLANG_ENABLE_MODULES = YES;
				CLANG_ENABLE_OBJC_ARC = YES;
				CLANG_WARN_BOOL_CONVERSION = YES;
				CLANG_WARN_CONSTANT_CONVERSION = YES;
				CLANG_WARN_DIRECT_OBJC_ISA_USAGE = YES_ERROR;
				CLANG_WARN_EMPTY_BODY = YES;
				CLANG_WARN_ENUM_CONVERSION = YES;
				CLANG_WARN_INT_CONVERSION = YES;
				CLANG_WARN_OBJC_ROOT_CLASS = YES_ERROR;
				CLANG_WARN_UNREACHABLE_CODE = YES;
				CLANG_WARN__DUPLICATE_METHOD_MATCH = YES;
				"CODE_SIGN_IDENTITY[sdk=iphoneos*]" = "iPhone Developer";
				COPY_PHASE_STRIP = NO;
				DEBUG_INFORMATION_FORMAT = dwarf;
				ENABLE_STRICT_OBJC_MSGSEND = YES;
				ENABLE_TESTABILITY = YES;
				GCC_C_LANGUAGE_STANDARD = gnu99;
				GCC_DYNAMIC_NO_PIC = NO;
				GCC_NO_COMMON_BLOCKS = YES;
				GCC_OPTIMIZATION_LEVEL = 0;
				GCC_PREPROCESSOR_DEFINITIONS = (
					"DEBUG=1",
					"$(inherited)",
				);
				GCC_WARN_64_TO_32_BIT_CONVERSION = YES;
				GCC_WARN_ABOUT_RETURN_TYPE = YES_ERROR;
				GCC_WARN_UNDECLARED_SELECTOR = YES;
				GCC_WARN_UNINITIALIZED_AUTOS = YES_AGGRESSIVE;
				GCC_WARN_UNUSED_FUNCTION = YES;
				GCC_WARN_UNUSED_VARIABLE = YES;
				IPHONEOS_DEPLOYMENT_TARGET = 9.1;
				MTL_ENABLE_DEBUG_INFO = YES;
				ONLY_ACTIVE_ARCH = YES;
				SDKROOT = iphoneos;
				SWIFT_OPTIMIZATION_LEVEL = "-Onone";
			};
			name = Debug;
		};
		C77446951C09602D006AB841 /* Release */ = {
			isa = XCBuildConfiguration;
			buildSettings = {
				ALWAYS_SEARCH_USER_PATHS = NO;
				CLANG_CXX_LANGUAGE_STANDARD = "gnu++0x";
				CLANG_CXX_LIBRARY = "libc++";
				CLANG_ENABLE_MODULES = YES;
				CLANG_ENABLE_OBJC_ARC = YES;
				CLANG_WARN_BOOL_CONVERSION = YES;
				CLANG_WARN_CONSTANT_CONVERSION = YES;
				CLANG_WARN_DIRECT_OBJC_ISA_USAGE = YES_ERROR;
				CLANG_WARN_EMPTY_BODY = YES;
				CLANG_WARN_ENUM_CONVERSION = YES;
				CLANG_WARN_INT_CONVERSION = YES;
				CLANG_WARN_OBJC_ROOT_CLASS = YES_ERROR;
				CLANG_WARN_UNREACHABLE_CODE = YES;
				CLANG_WARN__DUPLICATE_METHOD_MATCH = YES;
				"CODE_SIGN_IDENTITY[sdk=iphoneos*]" = "iPhone Developer";
				COPY_PHASE_STRIP = NO;
				DEBUG_INFORMATION_FORMAT = "dwarf-with-dsym";
				ENABLE_NS_ASSERTIONS = NO;
				ENABLE_STRICT_OBJC_MSGSEND = YES;
				GCC_C_LANGUAGE_STANDARD = gnu99;
				GCC_NO_COMMON_BLOCKS = YES;
				GCC_WARN_64_TO_32_BIT_CONVERSION = YES;
				GCC_WARN_ABOUT_RETURN_TYPE = YES_ERROR;
				GCC_WARN_UNDECLARED_SELECTOR = YES;
				GCC_WARN_UNINITIALIZED_AUTOS = YES_AGGRESSIVE;
				GCC_WARN_UNUSED_FUNCTION = YES;
				GCC_WARN_UNUSED_VARIABLE = YES;
				IPHONEOS_DEPLOYMENT_TARGET = 9.1;
				MTL_ENABLE_DEBUG_INFO = NO;
				SDKROOT = iphoneos;
				VALIDATE_PRODUCT = YES;
			};
			name = Release;
		};
		C77446971C09602D006AB841 /* Debug */ = {
			isa = XCBuildConfiguration;
			buildSettings = {
				ASSETCATALOG_COMPILER_APPICON_NAME = AppIcon;
				INFOPLIST_FILE = AirMeetDemo/Info.plist;
				LD_RUNPATH_SEARCH_PATHS = "$(inherited) @executable_path/Frameworks";
				PRODUCT_BUNDLE_IDENTIFIER = com.osatou.AirMeetDemo;
				PRODUCT_NAME = "$(TARGET_NAME)";
			};
			name = Debug;
		};
		C77446981C09602D006AB841 /* Release */ = {
			isa = XCBuildConfiguration;
			buildSettings = {
				ASSETCATALOG_COMPILER_APPICON_NAME = AppIcon;
				INFOPLIST_FILE = AirMeetDemo/Info.plist;
				LD_RUNPATH_SEARCH_PATHS = "$(inherited) @executable_path/Frameworks";
				PRODUCT_BUNDLE_IDENTIFIER = com.osatou.AirMeetDemo;
				PRODUCT_NAME = "$(TARGET_NAME)";
			};
			name = Release;
		};
		C774469A1C09602D006AB841 /* Debug */ = {
			isa = XCBuildConfiguration;
			buildSettings = {
				BUNDLE_LOADER = "$(TEST_HOST)";
				INFOPLIST_FILE = AirMeetDemoTests/Info.plist;
				LD_RUNPATH_SEARCH_PATHS = "$(inherited) @executable_path/Frameworks @loader_path/Frameworks";
				PRODUCT_BUNDLE_IDENTIFIER = com.osatou.AirMeetDemoTests;
				PRODUCT_NAME = "$(TARGET_NAME)";
				TEST_HOST = "$(BUILT_PRODUCTS_DIR)/AirMeetDemo.app/AirMeetDemo";
			};
			name = Debug;
		};
		C774469B1C09602D006AB841 /* Release */ = {
			isa = XCBuildConfiguration;
			buildSettings = {
				BUNDLE_LOADER = "$(TEST_HOST)";
				INFOPLIST_FILE = AirMeetDemoTests/Info.plist;
				LD_RUNPATH_SEARCH_PATHS = "$(inherited) @executable_path/Frameworks @loader_path/Frameworks";
				PRODUCT_BUNDLE_IDENTIFIER = com.osatou.AirMeetDemoTests;
				PRODUCT_NAME = "$(TARGET_NAME)";
				TEST_HOST = "$(BUILT_PRODUCTS_DIR)/AirMeetDemo.app/AirMeetDemo";
			};
			name = Release;
		};
		C774469D1C09602D006AB841 /* Debug */ = {
			isa = XCBuildConfiguration;
			buildSettings = {
				INFOPLIST_FILE = AirMeetDemoUITests/Info.plist;
				LD_RUNPATH_SEARCH_PATHS = "$(inherited) @executable_path/Frameworks @loader_path/Frameworks";
				PRODUCT_BUNDLE_IDENTIFIER = com.osatou.AirMeetDemoUITests;
				PRODUCT_NAME = "$(TARGET_NAME)";
				TEST_TARGET_NAME = AirMeetDemo;
				USES_XCTRUNNER = YES;
			};
			name = Debug;
		};
		C774469E1C09602D006AB841 /* Release */ = {
			isa = XCBuildConfiguration;
			buildSettings = {
				INFOPLIST_FILE = AirMeetDemoUITests/Info.plist;
				LD_RUNPATH_SEARCH_PATHS = "$(inherited) @executable_path/Frameworks @loader_path/Frameworks";
				PRODUCT_BUNDLE_IDENTIFIER = com.osatou.AirMeetDemoUITests;
				PRODUCT_NAME = "$(TARGET_NAME)";
				TEST_TARGET_NAME = AirMeetDemo;
				USES_XCTRUNNER = YES;
			};
			name = Release;
		};
/* End XCBuildConfiguration section */

/* Begin XCConfigurationList section */
		C77446691C09602D006AB841 /* Build configuration list for PBXProject "AirMeetDemo" */ = {
			isa = XCConfigurationList;
			buildConfigurations = (
				C77446941C09602D006AB841 /* Debug */,
				C77446951C09602D006AB841 /* Release */,
			);
			defaultConfigurationIsVisible = 0;
			defaultConfigurationName = Release;
		};
		C77446961C09602D006AB841 /* Build configuration list for PBXNativeTarget "AirMeetDemo" */ = {
			isa = XCConfigurationList;
			buildConfigurations = (
				C77446971C09602D006AB841 /* Debug */,
				C77446981C09602D006AB841 /* Release */,
			);
			defaultConfigurationIsVisible = 0;
			defaultConfigurationName = Release;
		};
		C77446991C09602D006AB841 /* Build configuration list for PBXNativeTarget "AirMeetDemoTests" */ = {
			isa = XCConfigurationList;
			buildConfigurations = (
				C774469A1C09602D006AB841 /* Debug */,
				C774469B1C09602D006AB841 /* Release */,
			);
			defaultConfigurationIsVisible = 0;
			defaultConfigurationName = Release;
		};
		C774469C1C09602D006AB841 /* Build configuration list for PBXNativeTarget "AirMeetDemoUITests" */ = {
			isa = XCConfigurationList;
			buildConfigurations = (
				C774469D1C09602D006AB841 /* Debug */,
				C774469E1C09602D006AB841 /* Release */,
			);
			defaultConfigurationIsVisible = 0;
			defaultConfigurationName = Release;
		};
/* End XCConfigurationList section */
	};
	rootObject = C77446661C09602D006AB841 /* Project object */;
}
